
Microsoft Visual Studio Solution File, Format Version 12.00
# Visual Studio 15
VisualStudioVersion = 15.0.27703.2047
MinimumVisualStudioVersion = 10.0.40219.1
Project("{FAE04EC0-301F-11D3-BF4B-00C04F79EFBC}") = "IMP_core_pipage", "IMP_core_pipage\IMP_core_pipage.csproj", "{60445AF9-1B3A-4C66-A654-76D12479F0FB}"
EndProject
Global
	GlobalSection(SolutionConfigurationPlatforms) = preSolution
		Debug|Any CPU = Debug|Any CPU
		Release|Any CPU = Release|Any CPU
	EndGlobalSection
	GlobalSection(ProjectConfigurationPlatforms) = postSolution
		{60445AF9-1B3A-4C66-A654-76D12479F0FB}.Debug|Any CPU.ActiveCfg = Debug|Any CPU
		{60445AF9-1B3A-4C66-A654-76D12479F0FB}.Debug|Any CPU.Build.0 = Debug|Any CPU
		{60445AF9-1B3A-4C66-A654-76D12479F0FB}.Release|Any CPU.ActiveCfg = Release|Any CPU
		{60445AF9-1B3A-4C66-A654-76D12479F0FB}.Release|Any CPU.Build.0 = Release|Any CPU
	EndGlobalSection
	GlobalSection(SolutionProperties) = preSolution
		HideSolutionNode = FALSE
	EndGlobalSection
	GlobalSection(ExtensibilityGlobals) = postSolution
		SolutionGuid = {937AC864-AF82-4DF7-870A-DD861C6A8174}
	EndGlobalSection
EndGlobal
